
Microsoft Visual Studio Solution File, Format Version 12.00
# Visual Studio Version 16
VisualStudioVersion = 16.0.30804.86
MinimumVisualStudioVersion = 10.0.40219.1
Project("{2150E333-8FDC-42A3-9474-1A3956D46DE8}") = "Platforms", "Platforms", "{DD6D4B82-A4A3-421C-873F-4AA65C99BFD8}"
EndProject
Project("{FAE04EC0-301F-11D3-BF4B-00C04F79EFBC}") = "UnoAnimationIssue.Droid", "UnoAnimationIssue\UnoAnimationIssue.Droid\UnoAnimationIssue.Droid.csproj", "{BB578C9D-3A19-46AD-B6A7-F864206B1BA2}"
EndProject
Project("{FAE04EC0-301F-11D3-BF4B-00C04F79EFBC}") = "UnoAnimationIssue.iOS", "UnoAnimationIssue\UnoAnimationIssue.iOS\UnoAnimationIssue.iOS.csproj", "{96E566D6-4FDF-4E60-98BF-CBD8AB1FE475}"
EndProject
Project("{FAE04EC0-301F-11D3-BF4B-00C04F79EFBC}") = "UnoAnimationIssue.UWP", "UnoAnimationIssue\UnoAnimationIssue.UWP\UnoAnimationIssue.UWP.csproj", "{6E372EC3-F027-4ED5-B46B-185E7C5B290F}"
EndProject
Project("{9A19103F-16F7-4668-BE54-9A1E7A4F7556}") = "UnoAnimationIssue.Wasm", "UnoAnimationIssue\UnoAnimationIssue.Wasm\UnoAnimationIssue.Wasm.csproj", "{00E7D9A9-0713-4DC6-A8F2-0BE6070F0BC1}"
EndProject
Project("{FAE04EC0-301F-11D3-BF4B-00C04F79EFBC}") = "UnoAnimationIssue.macOS", "UnoAnimationIssue\UnoAnimationIssue.macOS\UnoAnimationIssue.macOS.csproj", "{5CB97601-4807-4160-A409-8B2F751CAA1A}"
EndProject
Project("{9A19103F-16F7-4668-BE54-9A1E7A4F7556}") = "UnoAnimationIssue.Skia.Wpf.Host", "UnoAnimationIssue\UnoAnimationIssue.Skia.Wpf.Host\UnoAnimationIssue.Skia.Wpf.Host.csproj", "{3594AE3C-84C4-479F-BB08-DC4B1595691C}"
EndProject
Project("{9A19103F-16F7-4668-BE54-9A1E7A4F7556}") = "UnoAnimationIssue.Skia.Wpf", "UnoAnimationIssue\UnoAnimationIssue.Skia.Wpf\UnoAnimationIssue.Skia.Wpf.csproj", "{159D8C82-A39D-40B1-9BC7-6EDB2CF44AEF}"
EndProject
Project("{9A19103F-16F7-4668-BE54-9A1E7A4F7556}") = "UnoAnimationIssue.Skia.Gtk", "UnoAnimationIssue\UnoAnimationIssue.Skia.Gtk\UnoAnimationIssue.Skia.Gtk.csproj", "{002D5CB0-9C08-4DA8-A557-ADD9DAFC97FB}"
EndProject
Project("{9A19103F-16F7-4668-BE54-9A1E7A4F7556}") = "UnoAnimationIssue.Skia.Tizen", "UnoAnimationIssue\UnoAnimationIssue.Skia.Tizen\UnoAnimationIssue.Skia.Tizen.csproj", "{F1E7D360-3CE9-4D28-84D1-4724BD946AC1}"
EndProject
Project("{D954291E-2A0B-460D-934E-DC6B0785DB48}") = "UnoAnimationIssue.Shared", "UnoAnimationIssue\UnoAnimationIssue.Shared\UnoAnimationIssue.Shared.shproj", "{6279C845-92F8-4333-AB99-3D213163593C}"
EndProject
Project("{2150E333-8FDC-42A3-9474-1A3956D46DE8}") = "Solution Items", "Solution Items", "{00E0699C-B8F7-4A95-B7B6-210ACE97671D}"
	ProjectSection(SolutionItems) = preProject
		.gitignore = .gitignore
		LICENSE = LICENSE
		README.md = README.md
	EndProjectSection
EndProject
Global
	GlobalSection(SharedMSBuildProjectFiles) = preSolution
		UnoAnimationIssue\UnoAnimationIssue.Shared\UnoAnimationIssue.Shared.projitems*{002d5cb0-9c08-4da8-a557-add9dafc97fb}*SharedItemsImports = 5
		UnoAnimationIssue\UnoAnimationIssue.Shared\UnoAnimationIssue.Shared.projitems*{00e7d9a9-0713-4dc6-a8f2-0be6070f0bc1}*SharedItemsImports = 5
		UnoAnimationIssue\UnoAnimationIssue.Shared\UnoAnimationIssue.Shared.projitems*{159d8c82-a39d-40b1-9bc7-6edb2cf44aef}*SharedItemsImports = 5
		UnoAnimationIssue\UnoAnimationIssue.Shared\UnoAnimationIssue.Shared.projitems*{5cb97601-4807-4160-a409-8b2f751caa1a}*SharedItemsImports = 4
		UnoAnimationIssue\UnoAnimationIssue.Shared\UnoAnimationIssue.Shared.projitems*{6279c845-92f8-4333-ab99-3d213163593c}*SharedItemsImports = 13
		UnoAnimationIssue\UnoAnimationIssue.Shared\UnoAnimationIssue.Shared.projitems*{6e372ec3-f027-4ed5-b46b-185e7c5b290f}*SharedItemsImports = 4
		UnoAnimationIssue\UnoAnimationIssue.Shared\UnoAnimationIssue.Shared.projitems*{96e566d6-4fdf-4e60-98bf-cbd8ab1fe475}*SharedItemsImports = 4
		UnoAnimationIssue\UnoAnimationIssue.Shared\UnoAnimationIssue.Shared.projitems*{bb578c9d-3a19-46ad-b6a7-f864206b1ba2}*SharedItemsImports = 4
		UnoAnimationIssue\UnoAnimationIssue.Shared\UnoAnimationIssue.Shared.projitems*{f1e7d360-3ce9-4d28-84d1-4724bd946ac1}*SharedItemsImports = 5
	EndGlobalSection
	GlobalSection(SolutionConfigurationPlatforms) = preSolution
		Ad-Hoc|Any CPU = Ad-Hoc|Any CPU
		Ad-Hoc|ARM = Ad-Hoc|ARM
		Ad-Hoc|ARM64 = Ad-Hoc|ARM64
		Ad-Hoc|iPhone = Ad-Hoc|iPhone
		Ad-Hoc|iPhoneSimulator = Ad-Hoc|iPhoneSimulator
		Ad-Hoc|x64 = Ad-Hoc|x64
		Ad-Hoc|x86 = Ad-Hoc|x86
		AppStore|Any CPU = AppStore|Any CPU
		AppStore|ARM = AppStore|ARM
		AppStore|ARM64 = AppStore|ARM64
		AppStore|iPhone = AppStore|iPhone
		AppStore|iPhoneSimulator = AppStore|iPhoneSimulator
		AppStore|x64 = AppStore|x64
		AppStore|x86 = AppStore|x86
		Debug|Any CPU = Debug|Any CPU
		Debug|ARM = Debug|ARM
		Debug|ARM64 = Debug|ARM64
		Debug|iPhone = Debug|iPhone
		Debug|iPhoneSimulator = Debug|iPhoneSimulator
		Debug|x64 = Debug|x64
		Debug|x86 = Debug|x86
		Release|Any CPU = Release|Any CPU
		Release|ARM = Release|ARM
		Release|ARM64 = Release|ARM64
		Release|iPhone = Release|iPhone
		Release|iPhoneSimulator = Release|iPhoneSimulator
		Release|x64 = Release|x64
		Release|x86 = Release|x86
	EndGlobalSection
	GlobalSection(ProjectConfigurationPlatforms) = postSolution
		{BB578C9D-3A19-46AD-B6A7-F864206B1BA2}.Ad-Hoc|Any CPU.ActiveCfg = Debug|Any CPU
		{BB578C9D-3A19-46AD-B6A7-F864206B1BA2}.Ad-Hoc|Any CPU.Build.0 = Debug|Any CPU
		{BB578C9D-3A19-46AD-B6A7-F864206B1BA2}.Ad-Hoc|Any CPU.Deploy.0 = Debug|Any CPU
		{BB578C9D-3A19-46AD-B6A7-F864206B1BA2}.Ad-Hoc|ARM.ActiveCfg = Debug|Any CPU
		{BB578C9D-3A19-46AD-B6A7-F864206B1BA2}.Ad-Hoc|ARM.Build.0 = Debug|Any CPU
		{BB578C9D-3A19-46AD-B6A7-F864206B1BA2}.Ad-Hoc|ARM.Deploy.0 = Debug|Any CPU
		{BB578C9D-3A19-46AD-B6A7-F864206B1BA2}.Ad-Hoc|ARM64.ActiveCfg = Debug|Any CPU
		{BB578C9D-3A19-46AD-B6A7-F864206B1BA2}.Ad-Hoc|ARM64.Build.0 = Debug|Any CPU
		{BB578C9D-3A19-46AD-B6A7-F864206B1BA2}.Ad-Hoc|ARM64.Deploy.0 = Debug|Any CPU
		{BB578C9D-3A19-46AD-B6A7-F864206B1BA2}.Ad-Hoc|iPhone.ActiveCfg = Debug|Any CPU
		{BB578C9D-3A19-46AD-B6A7-F864206B1BA2}.Ad-Hoc|iPhone.Build.0 = Debug|Any CPU
		{BB578C9D-3A19-46AD-B6A7-F864206B1BA2}.Ad-Hoc|iPhone.Deploy.0 = Debug|Any CPU
		{BB578C9D-3A19-46AD-B6A7-F864206B1BA2}.Ad-Hoc|iPhoneSimulator.ActiveCfg = Debug|Any CPU
		{BB578C9D-3A19-46AD-B6A7-F864206B1BA2}.Ad-Hoc|iPhoneSimulator.Build.0 = Debug|Any CPU
		{BB578C9D-3A19-46AD-B6A7-F864206B1BA2}.Ad-Hoc|iPhoneSimulator.Deploy.0 = Debug|Any CPU
		{BB578C9D-3A19-46AD-B6A7-F864206B1BA2}.Ad-Hoc|x64.ActiveCfg = Debug|Any CPU
		{BB578C9D-3A19-46AD-B6A7-F864206B1BA2}.Ad-Hoc|x64.Build.0 = Debug|Any CPU
		{BB578C9D-3A19-46AD-B6A7-F864206B1BA2}.Ad-Hoc|x64.Deploy.0 = Debug|Any CPU
		{BB578C9D-3A19-46AD-B6A7-F864206B1BA2}.Ad-Hoc|x86.ActiveCfg = Debug|Any CPU
		{BB578C9D-3A19-46AD-B6A7-F864206B1BA2}.Ad-Hoc|x86.Build.0 = Debug|Any CPU
		{BB578C9D-3A19-46AD-B6A7-F864206B1BA2}.Ad-Hoc|x86.Deploy.0 = Debug|Any CPU
		{BB578C9D-3A19-46AD-B6A7-F864206B1BA2}.AppStore|Any CPU.ActiveCfg = Debug|Any CPU
		{BB578C9D-3A19-46AD-B6A7-F864206B1BA2}.AppStore|Any CPU.Build.0 = Debug|Any CPU
		{BB578C9D-3A19-46AD-B6A7-F864206B1BA2}.AppStore|Any CPU.Deploy.0 = Debug|Any CPU
		{BB578C9D-3A19-46AD-B6A7-F864206B1BA2}.AppStore|ARM.ActiveCfg = Debug|Any CPU
		{BB578C9D-3A19-46AD-B6A7-F864206B1BA2}.AppStore|ARM.Build.0 = Debug|Any CPU
		{BB578C9D-3A19-46AD-B6A7-F864206B1BA2}.AppStore|ARM.Deploy.0 = Debug|Any CPU
		{BB578C9D-3A19-46AD-B6A7-F864206B1BA2}.AppStore|ARM64.ActiveCfg = Debug|Any CPU
		{BB578C9D-3A19-46AD-B6A7-F864206B1BA2}.AppStore|ARM64.Build.0 = Debug|Any CPU
		{BB578C9D-3A19-46AD-B6A7-F864206B1BA2}.AppStore|ARM64.Deploy.0 = Debug|Any CPU
		{BB578C9D-3A19-46AD-B6A7-F864206B1BA2}.AppStore|iPhone.ActiveCfg = Debug|Any CPU
		{BB578C9D-3A19-46AD-B6A7-F864206B1BA2}.AppStore|iPhone.Build.0 = Debug|Any CPU
		{BB578C9D-3A19-46AD-B6A7-F864206B1BA2}.AppStore|iPhone.Deploy.0 = Debug|Any CPU
		{BB578C9D-3A19-46AD-B6A7-F864206B1BA2}.AppStore|iPhoneSimulator.ActiveCfg = Debug|Any CPU
		{BB578C9D-3A19-46AD-B6A7-F864206B1BA2}.AppStore|iPhoneSimulator.Build.0 = Debug|Any CPU
		{BB578C9D-3A19-46AD-B6A7-F864206B1BA2}.AppStore|iPhoneSimulator.Deploy.0 = Debug|Any CPU
		{BB578C9D-3A19-46AD-B6A7-F864206B1BA2}.AppStore|x64.ActiveCfg = Debug|Any CPU
		{BB578C9D-3A19-46AD-B6A7-F864206B1BA2}.AppStore|x64.Build.0 = Debug|Any CPU
		{BB578C9D-3A19-46AD-B6A7-F864206B1BA2}.AppStore|x64.Deploy.0 = Debug|Any CPU
		{BB578C9D-3A19-46AD-B6A7-F864206B1BA2}.AppStore|x86.ActiveCfg = Debug|Any CPU
		{BB578C9D-3A19-46AD-B6A7-F864206B1BA2}.AppStore|x86.Build.0 = Debug|Any CPU
		{BB578C9D-3A19-46AD-B6A7-F864206B1BA2}.AppStore|x86.Deploy.0 = Debug|Any CPU
		{BB578C9D-3A19-46AD-B6A7-F864206B1BA2}.Debug|Any CPU.ActiveCfg = Debug|Any CPU
		{BB578C9D-3A19-46AD-B6A7-F864206B1BA2}.Debug|Any CPU.Build.0 = Debug|Any CPU
		{BB578C9D-3A19-46AD-B6A7-F864206B1BA2}.Debug|Any CPU.Deploy.0 = Debug|Any CPU
		{BB578C9D-3A19-46AD-B6A7-F864206B1BA2}.Debug|ARM.ActiveCfg = Debug|Any CPU
		{BB578C9D-3A19-46AD-B6A7-F864206B1BA2}.Debug|ARM.Build.0 = Debug|Any CPU
		{BB578C9D-3A19-46AD-B6A7-F864206B1BA2}.Debug|ARM.Deploy.0 = Debug|Any CPU
		{BB578C9D-3A19-46AD-B6A7-F864206B1BA2}.Debug|ARM64.ActiveCfg = Debug|Any CPU
		{BB578C9D-3A19-46AD-B6A7-F864206B1BA2}.Debug|ARM64.Build.0 = Debug|Any CPU
		{BB578C9D-3A19-46AD-B6A7-F864206B1BA2}.Debug|ARM64.Deploy.0 = Debug|Any CPU
		{BB578C9D-3A19-46AD-B6A7-F864206B1BA2}.Debug|iPhone.ActiveCfg = Debug|Any CPU
		{BB578C9D-3A19-46AD-B6A7-F864206B1BA2}.Debug|iPhone.Build.0 = Debug|Any CPU
		{BB578C9D-3A19-46AD-B6A7-F864206B1BA2}.Debug|iPhone.Deploy.0 = Debug|Any CPU
		{BB578C9D-3A19-46AD-B6A7-F864206B1BA2}.Debug|iPhoneSimulator.ActiveCfg = Debug|Any CPU
		{BB578C9D-3A19-46AD-B6A7-F864206B1BA2}.Debug|iPhoneSimulator.Build.0 = Debug|Any CPU
		{BB578C9D-3A19-46AD-B6A7-F864206B1BA2}.Debug|iPhoneSimulator.Deploy.0 = Debug|Any CPU
		{BB578C9D-3A19-46AD-B6A7-F864206B1BA2}.Debug|x64.ActiveCfg = Debug|Any CPU
		{BB578C9D-3A19-46AD-B6A7-F864206B1BA2}.Debug|x64.Build.0 = Debug|Any CPU
		{BB578C9D-3A19-46AD-B6A7-F864206B1BA2}.Debug|x64.Deploy.0 = Debug|Any CPU
		{BB578C9D-3A19-46AD-B6A7-F864206B1BA2}.Debug|x86.ActiveCfg = Debug|Any CPU
		{BB578C9D-3A19-46AD-B6A7-F864206B1BA2}.Debug|x86.Build.0 = Debug|Any CPU
		{BB578C9D-3A19-46AD-B6A7-F864206B1BA2}.Debug|x86.Deploy.0 = Debug|Any CPU
		{BB578C9D-3A19-46AD-B6A7-F864206B1BA2}.Release|Any CPU.ActiveCfg = Release|Any CPU
		{BB578C9D-3A19-46AD-B6A7-F864206B1BA2}.Release|Any CPU.Build.0 = Release|Any CPU
		{BB578C9D-3A19-46AD-B6A7-F864206B1BA2}.Release|Any CPU.Deploy.0 = Release|Any CPU
		{BB578C9D-3A19-46AD-B6A7-F864206B1BA2}.Release|ARM.ActiveCfg = Release|Any CPU
		{BB578C9D-3A19-46AD-B6A7-F864206B1BA2}.Release|ARM.Build.0 = Release|Any CPU
		{BB578C9D-3A19-46AD-B6A7-F864206B1BA2}.Release|ARM.Deploy.0 = Release|Any CPU
		{BB578C9D-3A19-46AD-B6A7-F864206B1BA2}.Release|ARM64.ActiveCfg = Release|Any CPU
		{BB578C9D-3A19-46AD-B6A7-F864206B1BA2}.Release|ARM64.Build.0 = Release|Any CPU
		{BB578C9D-3A19-46AD-B6A7-F864206B1BA2}.Release|ARM64.Deploy.0 = Release|Any CPU
		{BB578C9D-3A19-46AD-B6A7-F864206B1BA2}.Release|iPhone.ActiveCfg = Release|Any CPU
		{BB578C9D-3A19-46AD-B6A7-F864206B1BA2}.Release|iPhone.Build.0 = Release|Any CPU
		{BB578C9D-3A19-46AD-B6A7-F864206B1BA2}.Release|iPhone.Deploy.0 = Release|Any CPU
		{BB578C9D-3A19-46AD-B6A7-F864206B1BA2}.Release|iPhoneSimulator.ActiveCfg = Release|Any CPU
		{BB578C9D-3A19-46AD-B6A7-F864206B1BA2}.Release|iPhoneSimulator.Build.0 = Release|Any CPU
		{BB578C9D-3A19-46AD-B6A7-F864206B1BA2}.Release|iPhoneSimulator.Deploy.0 = Release|Any CPU
		{BB578C9D-3A19-46AD-B6A7-F864206B1BA2}.Release|x64.ActiveCfg = Release|Any CPU
		{BB578C9D-3A19-46AD-B6A7-F864206B1BA2}.Release|x64.Build.0 = Release|Any CPU
		{BB578C9D-3A19-46AD-B6A7-F864206B1BA2}.Release|x64.Deploy.0 = Release|Any CPU
		{BB578C9D-3A19-46AD-B6A7-F864206B1BA2}.Release|x86.ActiveCfg = Release|Any CPU
		{BB578C9D-3A19-46AD-B6A7-F864206B1BA2}.Release|x86.Build.0 = Release|Any CPU
		{BB578C9D-3A19-46AD-B6A7-F864206B1BA2}.Release|x86.Deploy.0 = Release|Any CPU
		{96E566D6-4FDF-4E60-98BF-CBD8AB1FE475}.Ad-Hoc|Any CPU.ActiveCfg = Ad-Hoc|iPhoneSimulator
		{96E566D6-4FDF-4E60-98BF-CBD8AB1FE475}.Ad-Hoc|ARM.ActiveCfg = Ad-Hoc|iPhoneSimulator
		{96E566D6-4FDF-4E60-98BF-CBD8AB1FE475}.Ad-Hoc|ARM64.ActiveCfg = Ad-Hoc|iPhoneSimulator
		{96E566D6-4FDF-4E60-98BF-CBD8AB1FE475}.Ad-Hoc|iPhone.ActiveCfg = Ad-Hoc|iPhone
		{96E566D6-4FDF-4E60-98BF-CBD8AB1FE475}.Ad-Hoc|iPhone.Build.0 = Ad-Hoc|iPhone
		{96E566D6-4FDF-4E60-98BF-CBD8AB1FE475}.Ad-Hoc|iPhoneSimulator.ActiveCfg = Ad-Hoc|iPhoneSimulator
		{96E566D6-4FDF-4E60-98BF-CBD8AB1FE475}.Ad-Hoc|iPhoneSimulator.Build.0 = Ad-Hoc|iPhoneSimulator
		{96E566D6-4FDF-4E60-98BF-CBD8AB1FE475}.Ad-Hoc|x64.ActiveCfg = Ad-Hoc|iPhoneSimulator
		{96E566D6-4FDF-4E60-98BF-CBD8AB1FE475}.Ad-Hoc|x86.ActiveCfg = Ad-Hoc|iPhoneSimulator
		{96E566D6-4FDF-4E60-98BF-CBD8AB1FE475}.AppStore|Any CPU.ActiveCfg = AppStore|iPhoneSimulator
		{96E566D6-4FDF-4E60-98BF-CBD8AB1FE475}.AppStore|ARM.ActiveCfg = AppStore|iPhoneSimulator
		{96E566D6-4FDF-4E60-98BF-CBD8AB1FE475}.AppStore|ARM64.ActiveCfg = AppStore|iPhoneSimulator
		{96E566D6-4FDF-4E60-98BF-CBD8AB1FE475}.AppStore|iPhone.ActiveCfg = AppStore|iPhone
		{96E566D6-4FDF-4E60-98BF-CBD8AB1FE475}.AppStore|iPhone.Build.0 = AppStore|iPhone
		{96E566D6-4FDF-4E60-98BF-CBD8AB1FE475}.AppStore|iPhoneSimulator.ActiveCfg = AppStore|iPhoneSimulator
		{96E566D6-4FDF-4E60-98BF-CBD8AB1FE475}.AppStore|iPhoneSimulator.Build.0 = AppStore|iPhoneSimulator
		{96E566D6-4FDF-4E60-98BF-CBD8AB1FE475}.AppStore|x64.ActiveCfg = AppStore|iPhoneSimulator
		{96E566D6-4FDF-4E60-98BF-CBD8AB1FE475}.AppStore|x86.ActiveCfg = AppStore|iPhoneSimulator
		{96E566D6-4FDF-4E60-98BF-CBD8AB1FE475}.Debug|Any CPU.ActiveCfg = Debug|iPhoneSimulator
		{96E566D6-4FDF-4E60-98BF-CBD8AB1FE475}.Debug|ARM.ActiveCfg = Debug|iPhoneSimulator
		{96E566D6-4FDF-4E60-98BF-CBD8AB1FE475}.Debug|ARM64.ActiveCfg = Debug|iPhoneSimulator
		{96E566D6-4FDF-4E60-98BF-CBD8AB1FE475}.Debug|iPhone.ActiveCfg = Debug|iPhone
		{96E566D6-4FDF-4E60-98BF-CBD8AB1FE475}.Debug|iPhone.Build.0 = Debug|iPhone
		{96E566D6-4FDF-4E60-98BF-CBD8AB1FE475}.Debug|iPhone.Deploy.0 = Debug|iPhone
		{96E566D6-4FDF-4E60-98BF-CBD8AB1FE475}.Debug|iPhoneSimulator.ActiveCfg = Debug|iPhoneSimulator
		{96E566D6-4FDF-4E60-98BF-CBD8AB1FE475}.Debug|iPhoneSimulator.Build.0 = Debug|iPhoneSimulator
		{96E566D6-4FDF-4E60-98BF-CBD8AB1FE475}.Debug|x64.ActiveCfg = Debug|iPhoneSimulator
		{96E566D6-4FDF-4E60-98BF-CBD8AB1FE475}.Debug|x86.ActiveCfg = Debug|iPhoneSimulator
		{96E566D6-4FDF-4E60-98BF-CBD8AB1FE475}.Release|Any CPU.ActiveCfg = Release|iPhoneSimulator
		{96E566D6-4FDF-4E60-98BF-CBD8AB1FE475}.Release|ARM.ActiveCfg = Release|iPhoneSimulator
		{96E566D6-4FDF-4E60-98BF-CBD8AB1FE475}.Release|ARM64.ActiveCfg = Release|iPhoneSimulator
		{96E566D6-4FDF-4E60-98BF-CBD8AB1FE475}.Release|iPhone.ActiveCfg = Release|iPhone
		{96E566D6-4FDF-4E60-98BF-CBD8AB1FE475}.Release|iPhone.Build.0 = Release|iPhone
		{96E566D6-4FDF-4E60-98BF-CBD8AB1FE475}.Release|iPhoneSimulator.ActiveCfg = Release|iPhoneSimulator
		{96E566D6-4FDF-4E60-98BF-CBD8AB1FE475}.Release|iPhoneSimulator.Build.0 = Release|iPhoneSimulator
		{96E566D6-4FDF-4E60-98BF-CBD8AB1FE475}.Release|x64.ActiveCfg = Release|iPhoneSimulator
		{96E566D6-4FDF-4E60-98BF-CBD8AB1FE475}.Release|x86.ActiveCfg = Release|iPhoneSimulator
		{6E372EC3-F027-4ED5-B46B-185E7C5B290F}.Ad-Hoc|Any CPU.ActiveCfg = Debug|x86
		{6E372EC3-F027-4ED5-B46B-185E7C5B290F}.Ad-Hoc|Any CPU.Build.0 = Debug|x86
		{6E372EC3-F027-4ED5-B46B-185E7C5B290F}.Ad-Hoc|Any CPU.Deploy.0 = Debug|x86
		{6E372EC3-F027-4ED5-B46B-185E7C5B290F}.Ad-Hoc|ARM.ActiveCfg = Debug|ARM
		{6E372EC3-F027-4ED5-B46B-185E7C5B290F}.Ad-Hoc|ARM.Build.0 = Debug|ARM
		{6E372EC3-F027-4ED5-B46B-185E7C5B290F}.Ad-Hoc|ARM.Deploy.0 = Debug|ARM
		{6E372EC3-F027-4ED5-B46B-185E7C5B290F}.Ad-Hoc|ARM64.ActiveCfg = Debug|ARM64
		{6E372EC3-F027-4ED5-B46B-185E7C5B290F}.Ad-Hoc|ARM64.Build.0 = Debug|ARM64
		{6E372EC3-F027-4ED5-B46B-185E7C5B290F}.Ad-Hoc|ARM64.Deploy.0 = Debug|ARM64
		{6E372EC3-F027-4ED5-B46B-185E7C5B290F}.Ad-Hoc|iPhone.ActiveCfg = Debug|x86
		{6E372EC3-F027-4ED5-B46B-185E7C5B290F}.Ad-Hoc|iPhone.Build.0 = Debug|x86
		{6E372EC3-F027-4ED5-B46B-185E7C5B290F}.Ad-Hoc|iPhone.Deploy.0 = Debug|x86
		{6E372EC3-F027-4ED5-B46B-185E7C5B290F}.Ad-Hoc|iPhoneSimulator.ActiveCfg = Debug|x86
		{6E372EC3-F027-4ED5-B46B-185E7C5B290F}.Ad-Hoc|iPhoneSimulator.Build.0 = Debug|x86
		{6E372EC3-F027-4ED5-B46B-185E7C5B290F}.Ad-Hoc|iPhoneSimulator.Deploy.0 = Debug|x86
		{6E372EC3-F027-4ED5-B46B-185E7C5B290F}.Ad-Hoc|x64.ActiveCfg = Debug|x64
		{6E372EC3-F027-4ED5-B46B-185E7C5B290F}.Ad-Hoc|x64.Build.0 = Debug|x64
		{6E372EC3-F027-4ED5-B46B-185E7C5B290F}.Ad-Hoc|x64.Deploy.0 = Debug|x64
		{6E372EC3-F027-4ED5-B46B-185E7C5B290F}.Ad-Hoc|x86.ActiveCfg = Debug|x86
		{6E372EC3-F027-4ED5-B46B-185E7C5B290F}.Ad-Hoc|x86.Build.0 = Debug|x86
		{6E372EC3-F027-4ED5-B46B-185E7C5B290F}.Ad-Hoc|x86.Deploy.0 = Debug|x86
		{6E372EC3-F027-4ED5-B46B-185E7C5B290F}.AppStore|Any CPU.ActiveCfg = Debug|x86
		{6E372EC3-F027-4ED5-B46B-185E7C5B290F}.AppStore|Any CPU.Build.0 = Debug|x86
		{6E372EC3-F027-4ED5-B46B-185E7C5B290F}.AppStore|Any CPU.Deploy.0 = Debug|x86
		{6E372EC3-F027-4ED5-B46B-185E7C5B290F}.AppStore|ARM.ActiveCfg = Debug|ARM
		{6E372EC3-F027-4ED5-B46B-185E7C5B290F}.AppStore|ARM.Build.0 = Debug|ARM
		{6E372EC3-F027-4ED5-B46B-185E7C5B290F}.AppStore|ARM.Deploy.0 = Debug|ARM
		{6E372EC3-F027-4ED5-B46B-185E7C5B290F}.AppStore|ARM64.ActiveCfg = Debug|ARM64
		{6E372EC3-F027-4ED5-B46B-185E7C5B290F}.AppStore|ARM64.Build.0 = Debug|ARM64
		{6E372EC3-F027-4ED5-B46B-185E7C5B290F}.AppStore|ARM64.Deploy.0 = Debug|ARM64
		{6E372EC3-F027-4ED5-B46B-185E7C5B290F}.AppStore|iPhone.ActiveCfg = Debug|x86
		{6E372EC3-F027-4ED5-B46B-185E7C5B290F}.AppStore|iPhone.Build.0 = Debug|x86
		{6E372EC3-F027-4ED5-B46B-185E7C5B290F}.AppStore|iPhone.Deploy.0 = Debug|x86
		{6E372EC3-F027-4ED5-B46B-185E7C5B290F}.AppStore|iPhoneSimulator.ActiveCfg = Debug|x86
		{6E372EC3-F027-4ED5-B46B-185E7C5B290F}.AppStore|iPhoneSimulator.Build.0 = Debug|x86
		{6E372EC3-F027-4ED5-B46B-185E7C5B290F}.AppStore|iPhoneSimulator.Deploy.0 = Debug|x86
		{6E372EC3-F027-4ED5-B46B-185E7C5B290F}.AppStore|x64.ActiveCfg = Debug|x64
		{6E372EC3-F027-4ED5-B46B-185E7C5B290F}.AppStore|x64.Build.0 = Debug|x64
		{6E372EC3-F027-4ED5-B46B-185E7C5B290F}.AppStore|x64.Deploy.0 = Debug|x64
		{6E372EC3-F027-4ED5-B46B-185E7C5B290F}.AppStore|x86.ActiveCfg = Debug|x86
		{6E372EC3-F027-4ED5-B46B-185E7C5B290F}.AppStore|x86.Build.0 = Debug|x86
		{6E372EC3-F027-4ED5-B46B-185E7C5B290F}.AppStore|x86.Deploy.0 = Debug|x86
		{6E372EC3-F027-4ED5-B46B-185E7C5B290F}.Debug|Any CPU.ActiveCfg = Debug|x86
		{6E372EC3-F027-4ED5-B46B-185E7C5B290F}.Debug|ARM.ActiveCfg = Debug|ARM
		{6E372EC3-F027-4ED5-B46B-185E7C5B290F}.Debug|ARM.Build.0 = Debug|ARM
		{6E372EC3-F027-4ED5-B46B-185E7C5B290F}.Debug|ARM.Deploy.0 = Debug|ARM
		{6E372EC3-F027-4ED5-B46B-185E7C5B290F}.Debug|ARM64.ActiveCfg = Debug|ARM64
		{6E372EC3-F027-4ED5-B46B-185E7C5B290F}.Debug|ARM64.Build.0 = Debug|ARM64
		{6E372EC3-F027-4ED5-B46B-185E7C5B290F}.Debug|ARM64.Deploy.0 = Debug|ARM64
		{6E372EC3-F027-4ED5-B46B-185E7C5B290F}.Debug|iPhone.ActiveCfg = Debug|x86
		{6E372EC3-F027-4ED5-B46B-185E7C5B290F}.Debug|iPhoneSimulator.ActiveCfg = Debug|x86
		{6E372EC3-F027-4ED5-B46B-185E7C5B290F}.Debug|x64.ActiveCfg = Debug|x64
		{6E372EC3-F027-4ED5-B46B-185E7C5B290F}.Debug|x64.Build.0 = Debug|x64
		{6E372EC3-F027-4ED5-B46B-185E7C5B290F}.Debug|x64.Deploy.0 = Debug|x64
		{6E372EC3-F027-4ED5-B46B-185E7C5B290F}.Debug|x86.ActiveCfg = Debug|x86
		{6E372EC3-F027-4ED5-B46B-185E7C5B290F}.Debug|x86.Build.0 = Debug|x86
		{6E372EC3-F027-4ED5-B46B-185E7C5B290F}.Debug|x86.Deploy.0 = Debug|x86
		{6E372EC3-F027-4ED5-B46B-185E7C5B290F}.Release|Any CPU.ActiveCfg = Release|x86
		{6E372EC3-F027-4ED5-B46B-185E7C5B290F}.Release|ARM.ActiveCfg = Release|ARM
		{6E372EC3-F027-4ED5-B46B-185E7C5B290F}.Release|ARM.Build.0 = Release|ARM
		{6E372EC3-F027-4ED5-B46B-185E7C5B290F}.Release|ARM.Deploy.0 = Release|ARM
		{6E372EC3-F027-4ED5-B46B-185E7C5B290F}.Release|ARM64.ActiveCfg = Release|ARM64
		{6E372EC3-F027-4ED5-B46B-185E7C5B290F}.Release|ARM64.Build.0 = Release|ARM64
		{6E372EC3-F027-4ED5-B46B-185E7C5B290F}.Release|ARM64.Deploy.0 = Release|ARM64
		{6E372EC3-F027-4ED5-B46B-185E7C5B290F}.Release|iPhone.ActiveCfg = Release|x86
		{6E372EC3-F027-4ED5-B46B-185E7C5B290F}.Release|iPhoneSimulator.ActiveCfg = Release|x86
		{6E372EC3-F027-4ED5-B46B-185E7C5B290F}.Release|x64.ActiveCfg = Release|x64
		{6E372EC3-F027-4ED5-B46B-185E7C5B290F}.Release|x64.Build.0 = Release|x64
		{6E372EC3-F027-4ED5-B46B-185E7C5B290F}.Release|x64.Deploy.0 = Release|x64
		{6E372EC3-F027-4ED5-B46B-185E7C5B290F}.Release|x86.ActiveCfg = Release|x86
		{6E372EC3-F027-4ED5-B46B-185E7C5B290F}.Release|x86.Build.0 = Release|x86
		{6E372EC3-F027-4ED5-B46B-185E7C5B290F}.Release|x86.Deploy.0 = Release|x86
		{00E7D9A9-0713-4DC6-A8F2-0BE6070F0BC1}.Ad-Hoc|Any CPU.ActiveCfg = Debug|Any CPU
		{00E7D9A9-0713-4DC6-A8F2-0BE6070F0BC1}.Ad-Hoc|Any CPU.Build.0 = Debug|Any CPU
		{00E7D9A9-0713-4DC6-A8F2-0BE6070F0BC1}.Ad-Hoc|ARM.ActiveCfg = Debug|Any CPU
		{00E7D9A9-0713-4DC6-A8F2-0BE6070F0BC1}.Ad-Hoc|ARM.Build.0 = Debug|Any CPU
		{00E7D9A9-0713-4DC6-A8F2-0BE6070F0BC1}.Ad-Hoc|ARM64.ActiveCfg = Debug|Any CPU
		{00E7D9A9-0713-4DC6-A8F2-0BE6070F0BC1}.Ad-Hoc|ARM64.Build.0 = Debug|Any CPU
		{00E7D9A9-0713-4DC6-A8F2-0BE6070F0BC1}.Ad-Hoc|iPhone.ActiveCfg = Debug|Any CPU
		{00E7D9A9-0713-4DC6-A8F2-0BE6070F0BC1}.Ad-Hoc|iPhone.Build.0 = Debug|Any CPU
		{00E7D9A9-0713-4DC6-A8F2-0BE6070F0BC1}.Ad-Hoc|iPhoneSimulator.ActiveCfg = Debug|Any CPU
		{00E7D9A9-0713-4DC6-A8F2-0BE6070F0BC1}.Ad-Hoc|iPhoneSimulator.Build.0 = Debug|Any CPU
		{00E7D9A9-0713-4DC6-A8F2-0BE6070F0BC1}.Ad-Hoc|x64.ActiveCfg = Debug|Any CPU
		{00E7D9A9-0713-4DC6-A8F2-0BE6070F0BC1}.Ad-Hoc|x64.Build.0 = Debug|Any CPU
		{00E7D9A9-0713-4DC6-A8F2-0BE6070F0BC1}.Ad-Hoc|x86.ActiveCfg = Debug|Any CPU
		{00E7D9A9-0713-4DC6-A8F2-0BE6070F0BC1}.Ad-Hoc|x86.Build.0 = Debug|Any CPU
		{00E7D9A9-0713-4DC6-A8F2-0BE6070F0BC1}.AppStore|Any CPU.ActiveCfg = Debug|Any CPU
		{00E7D9A9-0713-4DC6-A8F2-0BE6070F0BC1}.AppStore|Any CPU.Build.0 = Debug|Any CPU
		{00E7D9A9-0713-4DC6-A8F2-0BE6070F0BC1}.AppStore|ARM.ActiveCfg = Debug|Any CPU
		{00E7D9A9-0713-4DC6-A8F2-0BE6070F0BC1}.AppStore|ARM.Build.0 = Debug|Any CPU
		{00E7D9A9-0713-4DC6-A8F2-0BE6070F0BC1}.AppStore|ARM64.ActiveCfg = Debug|Any CPU
		{00E7D9A9-0713-4DC6-A8F2-0BE6070F0BC1}.AppStore|ARM64.Build.0 = Debug|Any CPU
		{00E7D9A9-0713-4DC6-A8F2-0BE6070F0BC1}.AppStore|iPhone.ActiveCfg = Debug|Any CPU
		{00E7D9A9-0713-4DC6-A8F2-0BE6070F0BC1}.AppStore|iPhone.Build.0 = Debug|Any CPU
		{00E7D9A9-0713-4DC6-A8F2-0BE6070F0BC1}.AppStore|iPhoneSimulator.ActiveCfg = Debug|Any CPU
		{00E7D9A9-0713-4DC6-A8F2-0BE6070F0BC1}.AppStore|iPhoneSimulator.Build.0 = Debug|Any CPU
		{00E7D9A9-0713-4DC6-A8F2-0BE6070F0BC1}.AppStore|x64.ActiveCfg = Debug|Any CPU
		{00E7D9A9-0713-4DC6-A8F2-0BE6070F0BC1}.AppStore|x64.Build.0 = Debug|Any CPU
		{00E7D9A9-0713-4DC6-A8F2-0BE6070F0BC1}.AppStore|x86.ActiveCfg = Debug|Any CPU
		{00E7D9A9-0713-4DC6-A8F2-0BE6070F0BC1}.AppStore|x86.Build.0 = Debug|Any CPU
		{00E7D9A9-0713-4DC6-A8F2-0BE6070F0BC1}.Debug|Any CPU.ActiveCfg = Debug|Any CPU
		{00E7D9A9-0713-4DC6-A8F2-0BE6070F0BC1}.Debug|Any CPU.Build.0 = Debug|Any CPU
		{00E7D9A9-0713-4DC6-A8F2-0BE6070F0BC1}.Debug|ARM.ActiveCfg = Debug|Any CPU
		{00E7D9A9-0713-4DC6-A8F2-0BE6070F0BC1}.Debug|ARM.Build.0 = Debug|Any CPU
		{00E7D9A9-0713-4DC6-A8F2-0BE6070F0BC1}.Debug|ARM64.ActiveCfg = Debug|Any CPU
		{00E7D9A9-0713-4DC6-A8F2-0BE6070F0BC1}.Debug|ARM64.Build.0 = Debug|Any CPU
		{00E7D9A9-0713-4DC6-A8F2-0BE6070F0BC1}.Debug|iPhone.ActiveCfg = Debug|Any CPU
		{00E7D9A9-0713-4DC6-A8F2-0BE6070F0BC1}.Debug|iPhone.Build.0 = Debug|Any CPU
		{00E7D9A9-0713-4DC6-A8F2-0BE6070F0BC1}.Debug|iPhoneSimulator.ActiveCfg = Debug|Any CPU
		{00E7D9A9-0713-4DC6-A8F2-0BE6070F0BC1}.Debug|iPhoneSimulator.Build.0 = Debug|Any CPU
		{00E7D9A9-0713-4DC6-A8F2-0BE6070F0BC1}.Debug|x64.ActiveCfg = Debug|Any CPU
		{00E7D9A9-0713-4DC6-A8F2-0BE6070F0BC1}.Debug|x64.Build.0 = Debug|Any CPU
		{00E7D9A9-0713-4DC6-A8F2-0BE6070F0BC1}.Debug|x86.ActiveCfg = Debug|Any CPU
		{00E7D9A9-0713-4DC6-A8F2-0BE6070F0BC1}.Debug|x86.Build.0 = Debug|Any CPU
		{00E7D9A9-0713-4DC6-A8F2-0BE6070F0BC1}.Release|Any CPU.ActiveCfg = Release|Any CPU
		{00E7D9A9-0713-4DC6-A8F2-0BE6070F0BC1}.Release|Any CPU.Build.0 = Release|Any CPU
		{00E7D9A9-0713-4DC6-A8F2-0BE6070F0BC1}.Release|ARM.ActiveCfg = Release|Any CPU
		{00E7D9A9-0713-4DC6-A8F2-0BE6070F0BC1}.Release|ARM.Build.0 = Release|Any CPU
		{00E7D9A9-0713-4DC6-A8F2-0BE6070F0BC1}.Release|ARM64.ActiveCfg = Release|Any CPU
		{00E7D9A9-0713-4DC6-A8F2-0BE6070F0BC1}.Release|ARM64.Build.0 = Release|Any CPU
		{00E7D9A9-0713-4DC6-A8F2-0BE6070F0BC1}.Release|iPhone.ActiveCfg = Release|Any CPU
		{00E7D9A9-0713-4DC6-A8F2-0BE6070F0BC1}.Release|iPhone.Build.0 = Release|Any CPU
		{00E7D9A9-0713-4DC6-A8F2-0BE6070F0BC1}.Release|iPhoneSimulator.ActiveCfg = Release|Any CPU
		{00E7D9A9-0713-4DC6-A8F2-0BE6070F0BC1}.Release|iPhoneSimulator.Build.0 = Release|Any CPU
		{00E7D9A9-0713-4DC6-A8F2-0BE6070F0BC1}.Release|x64.ActiveCfg = Release|Any CPU
		{00E7D9A9-0713-4DC6-A8F2-0BE6070F0BC1}.Release|x64.Build.0 = Release|Any CPU
		{00E7D9A9-0713-4DC6-A8F2-0BE6070F0BC1}.Release|x86.ActiveCfg = Release|Any CPU
		{00E7D9A9-0713-4DC6-A8F2-0BE6070F0BC1}.Release|x86.Build.0 = Release|Any CPU
		{5CB97601-4807-4160-A409-8B2F751CAA1A}.Ad-Hoc|Any CPU.ActiveCfg = Debug|iPhoneSimulator
		{5CB97601-4807-4160-A409-8B2F751CAA1A}.Ad-Hoc|Any CPU.Build.0 = Debug|iPhoneSimulator
		{5CB97601-4807-4160-A409-8B2F751CAA1A}.Ad-Hoc|ARM.ActiveCfg = Debug|iPhoneSimulator
		{5CB97601-4807-4160-A409-8B2F751CAA1A}.Ad-Hoc|ARM.Build.0 = Debug|iPhoneSimulator
		{5CB97601-4807-4160-A409-8B2F751CAA1A}.Ad-Hoc|ARM64.ActiveCfg = Debug|iPhoneSimulator
		{5CB97601-4807-4160-A409-8B2F751CAA1A}.Ad-Hoc|ARM64.Build.0 = Debug|iPhoneSimulator
		{5CB97601-4807-4160-A409-8B2F751CAA1A}.Ad-Hoc|iPhone.ActiveCfg = Debug|iPhoneSimulator
		{5CB97601-4807-4160-A409-8B2F751CAA1A}.Ad-Hoc|iPhone.Build.0 = Debug|iPhoneSimulator
		{5CB97601-4807-4160-A409-8B2F751CAA1A}.Ad-Hoc|iPhoneSimulator.ActiveCfg = Debug|iPhoneSimulator
		{5CB97601-4807-4160-A409-8B2F751CAA1A}.Ad-Hoc|iPhoneSimulator.Build.0 = Debug|iPhoneSimulator
		{5CB97601-4807-4160-A409-8B2F751CAA1A}.Ad-Hoc|x64.ActiveCfg = Debug|iPhoneSimulator
		{5CB97601-4807-4160-A409-8B2F751CAA1A}.Ad-Hoc|x64.Build.0 = Debug|iPhoneSimulator
		{5CB97601-4807-4160-A409-8B2F751CAA1A}.Ad-Hoc|x86.ActiveCfg = Debug|iPhoneSimulator
		{5CB97601-4807-4160-A409-8B2F751CAA1A}.Ad-Hoc|x86.Build.0 = Debug|iPhoneSimulator
		{5CB97601-4807-4160-A409-8B2F751CAA1A}.AppStore|Any CPU.ActiveCfg = Debug|iPhoneSimulator
		{5CB97601-4807-4160-A409-8B2F751CAA1A}.AppStore|Any CPU.Build.0 = Debug|iPhoneSimulator
		{5CB97601-4807-4160-A409-8B2F751CAA1A}.AppStore|ARM.ActiveCfg = Debug|iPhoneSimulator
		{5CB97601-4807-4160-A409-8B2F751CAA1A}.AppStore|ARM.Build.0 = Debug|iPhoneSimulator
		{5CB97601-4807-4160-A409-8B2F751CAA1A}.AppStore|ARM64.ActiveCfg = Debug|iPhoneSimulator
		{5CB97601-4807-4160-A409-8B2F751CAA1A}.AppStore|ARM64.Build.0 = Debug|iPhoneSimulator
		{5CB97601-4807-4160-A409-8B2F751CAA1A}.AppStore|iPhone.ActiveCfg = Debug|iPhoneSimulator
		{5CB97601-4807-4160-A409-8B2F751CAA1A}.AppStore|iPhone.Build.0 = Debug|iPhoneSimulator
		{5CB97601-4807-4160-A409-8B2F751CAA1A}.AppStore|iPhoneSimulator.ActiveCfg = Debug|iPhoneSimulator
		{5CB97601-4807-4160-A409-8B2F751CAA1A}.AppStore|iPhoneSimulator.Build.0 = Debug|iPhoneSimulator
		{5CB97601-4807-4160-A409-8B2F751CAA1A}.AppStore|x64.ActiveCfg = Debug|iPhoneSimulator
		{5CB97601-4807-4160-A409-8B2F751CAA1A}.AppStore|x64.Build.0 = Debug|iPhoneSimulator
		{5CB97601-4807-4160-A409-8B2F751CAA1A}.AppStore|x86.ActiveCfg = Debug|iPhoneSimulator
		{5CB97601-4807-4160-A409-8B2F751CAA1A}.AppStore|x86.Build.0 = Debug|iPhoneSimulator
		{5CB97601-4807-4160-A409-8B2F751CAA1A}.Debug|Any CPU.ActiveCfg = Debug|iPhoneSimulator
		{5CB97601-4807-4160-A409-8B2F751CAA1A}.Debug|ARM.ActiveCfg = Debug|iPhoneSimulator
		{5CB97601-4807-4160-A409-8B2F751CAA1A}.Debug|ARM64.ActiveCfg = Debug|iPhoneSimulator
		{5CB97601-4807-4160-A409-8B2F751CAA1A}.Debug|iPhone.ActiveCfg = Debug|iPhoneSimulator
		{5CB97601-4807-4160-A409-8B2F751CAA1A}.Debug|iPhoneSimulator.ActiveCfg = Debug|iPhoneSimulator
		{5CB97601-4807-4160-A409-8B2F751CAA1A}.Debug|iPhoneSimulator.Build.0 = Debug|iPhoneSimulator
		{5CB97601-4807-4160-A409-8B2F751CAA1A}.Debug|x64.ActiveCfg = Debug|iPhoneSimulator
		{5CB97601-4807-4160-A409-8B2F751CAA1A}.Debug|x86.ActiveCfg = Debug|iPhoneSimulator
		{5CB97601-4807-4160-A409-8B2F751CAA1A}.Release|Any CPU.ActiveCfg = Release|iPhoneSimulator
		{5CB97601-4807-4160-A409-8B2F751CAA1A}.Release|ARM.ActiveCfg = Release|iPhoneSimulator
		{5CB97601-4807-4160-A409-8B2F751CAA1A}.Release|ARM64.ActiveCfg = Release|iPhoneSimulator
		{5CB97601-4807-4160-A409-8B2F751CAA1A}.Release|iPhone.ActiveCfg = Release|iPhoneSimulator
		{5CB97601-4807-4160-A409-8B2F751CAA1A}.Release|iPhoneSimulator.ActiveCfg = Release|iPhoneSimulator
		{5CB97601-4807-4160-A409-8B2F751CAA1A}.Release|iPhoneSimulator.Build.0 = Release|iPhoneSimulator
		{5CB97601-4807-4160-A409-8B2F751CAA1A}.Release|x64.ActiveCfg = Release|iPhoneSimulator
		{5CB97601-4807-4160-A409-8B2F751CAA1A}.Release|x86.ActiveCfg = Release|iPhoneSimulator
		{3594AE3C-84C4-479F-BB08-DC4B1595691C}.Ad-Hoc|Any CPU.ActiveCfg = Debug|Any CPU
		{3594AE3C-84C4-479F-BB08-DC4B1595691C}.Ad-Hoc|Any CPU.Build.0 = Debug|Any CPU
		{3594AE3C-84C4-479F-BB08-DC4B1595691C}.Ad-Hoc|ARM.ActiveCfg = Debug|Any CPU
		{3594AE3C-84C4-479F-BB08-DC4B1595691C}.Ad-Hoc|ARM.Build.0 = Debug|Any CPU
		{3594AE3C-84C4-479F-BB08-DC4B1595691C}.Ad-Hoc|ARM64.ActiveCfg = Debug|Any CPU
		{3594AE3C-84C4-479F-BB08-DC4B1595691C}.Ad-Hoc|ARM64.Build.0 = Debug|Any CPU
		{3594AE3C-84C4-479F-BB08-DC4B1595691C}.Ad-Hoc|iPhone.ActiveCfg = Debug|Any CPU
		{3594AE3C-84C4-479F-BB08-DC4B1595691C}.Ad-Hoc|iPhone.Build.0 = Debug|Any CPU
		{3594AE3C-84C4-479F-BB08-DC4B1595691C}.Ad-Hoc|iPhoneSimulator.ActiveCfg = Debug|Any CPU
		{3594AE3C-84C4-479F-BB08-DC4B1595691C}.Ad-Hoc|iPhoneSimulator.Build.0 = Debug|Any CPU
		{3594AE3C-84C4-479F-BB08-DC4B1595691C}.Ad-Hoc|x64.ActiveCfg = Debug|Any CPU
		{3594AE3C-84C4-479F-BB08-DC4B1595691C}.Ad-Hoc|x64.Build.0 = Debug|Any CPU
		{3594AE3C-84C4-479F-BB08-DC4B1595691C}.Ad-Hoc|x86.ActiveCfg = Debug|Any CPU
		{3594AE3C-84C4-479F-BB08-DC4B1595691C}.Ad-Hoc|x86.Build.0 = Debug|Any CPU
		{3594AE3C-84C4-479F-BB08-DC4B1595691C}.AppStore|Any CPU.ActiveCfg = Debug|Any CPU
		{3594AE3C-84C4-479F-BB08-DC4B1595691C}.AppStore|Any CPU.Build.0 = Debug|Any CPU
		{3594AE3C-84C4-479F-BB08-DC4B1595691C}.AppStore|ARM.ActiveCfg = Debug|Any CPU
		{3594AE3C-84C4-479F-BB08-DC4B1595691C}.AppStore|ARM.Build.0 = Debug|Any CPU
		{3594AE3C-84C4-479F-BB08-DC4B1595691C}.AppStore|ARM64.ActiveCfg = Debug|Any CPU
		{3594AE3C-84C4-479F-BB08-DC4B1595691C}.AppStore|ARM64.Build.0 = Debug|Any CPU
		{3594AE3C-84C4-479F-BB08-DC4B1595691C}.AppStore|iPhone.ActiveCfg = Debug|Any CPU
		{3594AE3C-84C4-479F-BB08-DC4B1595691C}.AppStore|iPhone.Build.0 = Debug|Any CPU
		{3594AE3C-84C4-479F-BB08-DC4B1595691C}.AppStore|iPhoneSimulator.ActiveCfg = Debug|Any CPU
		{3594AE3C-84C4-479F-BB08-DC4B1595691C}.AppStore|iPhoneSimulator.Build.0 = Debug|Any CPU
		{3594AE3C-84C4-479F-BB08-DC4B1595691C}.AppStore|x64.ActiveCfg = Debug|Any CPU
		{3594AE3C-84C4-479F-BB08-DC4B1595691C}.AppStore|x64.Build.0 = Debug|Any CPU
		{3594AE3C-84C4-479F-BB08-DC4B1595691C}.AppStore|x86.ActiveCfg = Debug|Any CPU
		{3594AE3C-84C4-479F-BB08-DC4B1595691C}.AppStore|x86.Build.0 = Debug|Any CPU
		{3594AE3C-84C4-479F-BB08-DC4B1595691C}.Debug|Any CPU.ActiveCfg = Debug|Any CPU
		{3594AE3C-84C4-479F-BB08-DC4B1595691C}.Debug|Any CPU.Build.0 = Debug|Any CPU
		{3594AE3C-84C4-479F-BB08-DC4B1595691C}.Debug|ARM.ActiveCfg = Debug|Any CPU
		{3594AE3C-84C4-479F-BB08-DC4B1595691C}.Debug|ARM.Build.0 = Debug|Any CPU
		{3594AE3C-84C4-479F-BB08-DC4B1595691C}.Debug|ARM64.ActiveCfg = Debug|Any CPU
		{3594AE3C-84C4-479F-BB08-DC4B1595691C}.Debug|ARM64.Build.0 = Debug|Any CPU
		{3594AE3C-84C4-479F-BB08-DC4B1595691C}.Debug|iPhone.ActiveCfg = Debug|Any CPU
		{3594AE3C-84C4-479F-BB08-DC4B1595691C}.Debug|iPhone.Build.0 = Debug|Any CPU
		{3594AE3C-84C4-479F-BB08-DC4B1595691C}.Debug|iPhoneSimulator.ActiveCfg = Debug|Any CPU
		{3594AE3C-84C4-479F-BB08-DC4B1595691C}.Debug|iPhoneSimulator.Build.0 = Debug|Any CPU
		{3594AE3C-84C4-479F-BB08-DC4B1595691C}.Debug|x64.ActiveCfg = Debug|Any CPU
		{3594AE3C-84C4-479F-BB08-DC4B1595691C}.Debug|x64.Build.0 = Debug|Any CPU
		{3594AE3C-84C4-479F-BB08-DC4B1595691C}.Debug|x86.ActiveCfg = Debug|Any CPU
		{3594AE3C-84C4-479F-BB08-DC4B1595691C}.Debug|x86.Build.0 = Debug|Any CPU
		{3594AE3C-84C4-479F-BB08-DC4B1595691C}.Release|Any CPU.ActiveCfg = Release|Any CPU
		{3594AE3C-84C4-479F-BB08-DC4B1595691C}.Release|Any CPU.Build.0 = Release|Any CPU
		{3594AE3C-84C4-479F-BB08-DC4B1595691C}.Release|ARM.ActiveCfg = Release|Any CPU
		{3594AE3C-84C4-479F-BB08-DC4B1595691C}.Release|ARM.Build.0 = Release|Any CPU
		{3594AE3C-84C4-479F-BB08-DC4B1595691C}.Release|ARM64.ActiveCfg = Release|Any CPU
		{3594AE3C-84C4-479F-BB08-DC4B1595691C}.Release|ARM64.Build.0 = Release|Any CPU
		{3594AE3C-84C4-479F-BB08-DC4B1595691C}.Release|iPhone.ActiveCfg = Release|Any CPU
		{3594AE3C-84C4-479F-BB08-DC4B1595691C}.Release|iPhone.Build.0 = Release|Any CPU
		{3594AE3C-84C4-479F-BB08-DC4B1595691C}.Release|iPhoneSimulator.ActiveCfg = Release|Any CPU
		{3594AE3C-84C4-479F-BB08-DC4B1595691C}.Release|iPhoneSimulator.Build.0 = Release|Any CPU
		{3594AE3C-84C4-479F-BB08-DC4B1595691C}.Release|x64.ActiveCfg = Release|Any CPU
		{3594AE3C-84C4-479F-BB08-DC4B1595691C}.Release|x64.Build.0 = Release|Any CPU
		{3594AE3C-84C4-479F-BB08-DC4B1595691C}.Release|x86.ActiveCfg = Release|Any CPU
		{3594AE3C-84C4-479F-BB08-DC4B1595691C}.Release|x86.Build.0 = Release|Any CPU
		{159D8C82-A39D-40B1-9BC7-6EDB2CF44AEF}.Ad-Hoc|Any CPU.ActiveCfg = Debug|Any CPU
		{159D8C82-A39D-40B1-9BC7-6EDB2CF44AEF}.Ad-Hoc|Any CPU.Build.0 = Debug|Any CPU
		{159D8C82-A39D-40B1-9BC7-6EDB2CF44AEF}.Ad-Hoc|ARM.ActiveCfg = Debug|Any CPU
		{159D8C82-A39D-40B1-9BC7-6EDB2CF44AEF}.Ad-Hoc|ARM.Build.0 = Debug|Any CPU
		{159D8C82-A39D-40B1-9BC7-6EDB2CF44AEF}.Ad-Hoc|ARM64.ActiveCfg = Debug|Any CPU
		{159D8C82-A39D-40B1-9BC7-6EDB2CF44AEF}.Ad-Hoc|ARM64.Build.0 = Debug|Any CPU
		{159D8C82-A39D-40B1-9BC7-6EDB2CF44AEF}.Ad-Hoc|iPhone.ActiveCfg = Debug|Any CPU
		{159D8C82-A39D-40B1-9BC7-6EDB2CF44AEF}.Ad-Hoc|iPhone.Build.0 = Debug|Any CPU
		{159D8C82-A39D-40B1-9BC7-6EDB2CF44AEF}.Ad-Hoc|iPhoneSimulator.ActiveCfg = Debug|Any CPU
		{159D8C82-A39D-40B1-9BC7-6EDB2CF44AEF}.Ad-Hoc|iPhoneSimulator.Build.0 = Debug|Any CPU
		{159D8C82-A39D-40B1-9BC7-6EDB2CF44AEF}.Ad-Hoc|x64.ActiveCfg = Debug|Any CPU
		{159D8C82-A39D-40B1-9BC7-6EDB2CF44AEF}.Ad-Hoc|x64.Build.0 = Debug|Any CPU
		{159D8C82-A39D-40B1-9BC7-6EDB2CF44AEF}.Ad-Hoc|x86.ActiveCfg = Debug|Any CPU
		{159D8C82-A39D-40B1-9BC7-6EDB2CF44AEF}.Ad-Hoc|x86.Build.0 = Debug|Any CPU
		{159D8C82-A39D-40B1-9BC7-6EDB2CF44AEF}.AppStore|Any CPU.ActiveCfg = Debug|Any CPU
		{159D8C82-A39D-40B1-9BC7-6EDB2CF44AEF}.AppStore|Any CPU.Build.0 = Debug|Any CPU
		{159D8C82-A39D-40B1-9BC7-6EDB2CF44AEF}.AppStore|ARM.ActiveCfg = Debug|Any CPU
		{159D8C82-A39D-40B1-9BC7-6EDB2CF44AEF}.AppStore|ARM.Build.0 = Debug|Any CPU
		{159D8C82-A39D-40B1-9BC7-6EDB2CF44AEF}.AppStore|ARM64.ActiveCfg = Debug|Any CPU
		{159D8C82-A39D-40B1-9BC7-6EDB2CF44AEF}.AppStore|ARM64.Build.0 = Debug|Any CPU
		{159D8C82-A39D-40B1-9BC7-6EDB2CF44AEF}.AppStore|iPhone.ActiveCfg = Debug|Any CPU
		{159D8C82-A39D-40B1-9BC7-6EDB2CF44AEF}.AppStore|iPhone.Build.0 = Debug|Any CPU
		{159D8C82-A39D-40B1-9BC7-6EDB2CF44AEF}.AppStore|iPhoneSimulator.ActiveCfg = Debug|Any CPU
		{159D8C82-A39D-40B1-9BC7-6EDB2CF44AEF}.AppStore|iPhoneSimulator.Build.0 = Debug|Any CPU
		{159D8C82-A39D-40B1-9BC7-6EDB2CF44AEF}.AppStore|x64.ActiveCfg = Debug|Any CPU
		{159D8C82-A39D-40B1-9BC7-6EDB2CF44AEF}.AppStore|x64.Build.0 = Debug|Any CPU
		{159D8C82-A39D-40B1-9BC7-6EDB2CF44AEF}.AppStore|x86.ActiveCfg = Debug|Any CPU
		{159D8C82-A39D-40B1-9BC7-6EDB2CF44AEF}.AppStore|x86.Build.0 = Debug|Any CPU
		{159D8C82-A39D-40B1-9BC7-6EDB2CF44AEF}.Debug|Any CPU.ActiveCfg = Debug|Any CPU
		{159D8C82-A39D-40B1-9BC7-6EDB2CF44AEF}.Debug|Any CPU.Build.0 = Debug|Any CPU
		{159D8C82-A39D-40B1-9BC7-6EDB2CF44AEF}.Debug|ARM.ActiveCfg = Debug|Any CPU
		{159D8C82-A39D-40B1-9BC7-6EDB2CF44AEF}.Debug|ARM.Build.0 = Debug|Any CPU
		{159D8C82-A39D-40B1-9BC7-6EDB2CF44AEF}.Debug|ARM64.ActiveCfg = Debug|Any CPU
		{159D8C82-A39D-40B1-9BC7-6EDB2CF44AEF}.Debug|ARM64.Build.0 = Debug|Any CPU
		{159D8C82-A39D-40B1-9BC7-6EDB2CF44AEF}.Debug|iPhone.ActiveCfg = Debug|Any CPU
		{159D8C82-A39D-40B1-9BC7-6EDB2CF44AEF}.Debug|iPhone.Build.0 = Debug|Any CPU
		{159D8C82-A39D-40B1-9BC7-6EDB2CF44AEF}.Debug|iPhoneSimulator.ActiveCfg = Debug|Any CPU
		{159D8C82-A39D-40B1-9BC7-6EDB2CF44AEF}.Debug|iPhoneSimulator.Build.0 = Debug|Any CPU
		{159D8C82-A39D-40B1-9BC7-6EDB2CF44AEF}.Debug|x64.ActiveCfg = Debug|Any CPU
		{159D8C82-A39D-40B1-9BC7-6EDB2CF44AEF}.Debug|x64.Build.0 = Debug|Any CPU
		{159D8C82-A39D-40B1-9BC7-6EDB2CF44AEF}.Debug|x86.ActiveCfg = Debug|Any CPU
		{159D8C82-A39D-40B1-9BC7-6EDB2CF44AEF}.Debug|x86.Build.0 = Debug|Any CPU
		{159D8C82-A39D-40B1-9BC7-6EDB2CF44AEF}.Release|Any CPU.ActiveCfg = Release|Any CPU
		{159D8C82-A39D-40B1-9BC7-6EDB2CF44AEF}.Release|Any CPU.Build.0 = Release|Any CPU
		{159D8C82-A39D-40B1-9BC7-6EDB2CF44AEF}.Release|ARM.ActiveCfg = Release|Any CPU
		{159D8C82-A39D-40B1-9BC7-6EDB2CF44AEF}.Release|ARM.Build.0 = Release|Any CPU
		{159D8C82-A39D-40B1-9BC7-6EDB2CF44AEF}.Release|ARM64.ActiveCfg = Release|Any CPU
		{159D8C82-A39D-40B1-9BC7-6EDB2CF44AEF}.Release|ARM64.Build.0 = Release|Any CPU
		{159D8C82-A39D-40B1-9BC7-6EDB2CF44AEF}.Release|iPhone.ActiveCfg = Release|Any CPU
		{159D8C82-A39D-40B1-9BC7-6EDB2CF44AEF}.Release|iPhone.Build.0 = Release|Any CPU
		{159D8C82-A39D-40B1-9BC7-6EDB2CF44AEF}.Release|iPhoneSimulator.ActiveCfg = Release|Any CPU
		{159D8C82-A39D-40B1-9BC7-6EDB2CF44AEF}.Release|iPhoneSimulator.Build.0 = Release|Any CPU
		{159D8C82-A39D-40B1-9BC7-6EDB2CF44AEF}.Release|x64.ActiveCfg = Release|Any CPU
		{159D8C82-A39D-40B1-9BC7-6EDB2CF44AEF}.Release|x64.Build.0 = Release|Any CPU
		{159D8C82-A39D-40B1-9BC7-6EDB2CF44AEF}.Release|x86.ActiveCfg = Release|Any CPU
		{159D8C82-A39D-40B1-9BC7-6EDB2CF44AEF}.Release|x86.Build.0 = Release|Any CPU
		{002D5CB0-9C08-4DA8-A557-ADD9DAFC97FB}.Ad-Hoc|Any CPU.ActiveCfg = Debug|Any CPU
		{002D5CB0-9C08-4DA8-A557-ADD9DAFC97FB}.Ad-Hoc|Any CPU.Build.0 = Debug|Any CPU
		{002D5CB0-9C08-4DA8-A557-ADD9DAFC97FB}.Ad-Hoc|ARM.ActiveCfg = Debug|Any CPU
		{002D5CB0-9C08-4DA8-A557-ADD9DAFC97FB}.Ad-Hoc|ARM.Build.0 = Debug|Any CPU
		{002D5CB0-9C08-4DA8-A557-ADD9DAFC97FB}.Ad-Hoc|ARM64.ActiveCfg = Debug|Any CPU
		{002D5CB0-9C08-4DA8-A557-ADD9DAFC97FB}.Ad-Hoc|ARM64.Build.0 = Debug|Any CPU
		{002D5CB0-9C08-4DA8-A557-ADD9DAFC97FB}.Ad-Hoc|iPhone.ActiveCfg = Debug|Any CPU
		{002D5CB0-9C08-4DA8-A557-ADD9DAFC97FB}.Ad-Hoc|iPhone.Build.0 = Debug|Any CPU
		{002D5CB0-9C08-4DA8-A557-ADD9DAFC97FB}.Ad-Hoc|iPhoneSimulator.ActiveCfg = Debug|Any CPU
		{002D5CB0-9C08-4DA8-A557-ADD9DAFC97FB}.Ad-Hoc|iPhoneSimulator.Build.0 = Debug|Any CPU
		{002D5CB0-9C08-4DA8-A557-ADD9DAFC97FB}.Ad-Hoc|x64.ActiveCfg = Debug|Any CPU
		{002D5CB0-9C08-4DA8-A557-ADD9DAFC97FB}.Ad-Hoc|x64.Build.0 = Debug|Any CPU
		{002D5CB0-9C08-4DA8-A557-ADD9DAFC97FB}.Ad-Hoc|x86.ActiveCfg = Debug|Any CPU
		{002D5CB0-9C08-4DA8-A557-ADD9DAFC97FB}.Ad-Hoc|x86.Build.0 = Debug|Any CPU
		{002D5CB0-9C08-4DA8-A557-ADD9DAFC97FB}.AppStore|Any CPU.ActiveCfg = Debug|Any CPU
		{002D5CB0-9C08-4DA8-A557-ADD9DAFC97FB}.AppStore|Any CPU.Build.0 = Debug|Any CPU
		{002D5CB0-9C08-4DA8-A557-ADD9DAFC97FB}.AppStore|ARM.ActiveCfg = Debug|Any CPU
		{002D5CB0-9C08-4DA8-A557-ADD9DAFC97FB}.AppStore|ARM.Build.0 = Debug|Any CPU
		{002D5CB0-9C08-4DA8-A557-ADD9DAFC97FB}.AppStore|ARM64.ActiveCfg = Debug|Any CPU
		{002D5CB0-9C08-4DA8-A557-ADD9DAFC97FB}.AppStore|ARM64.Build.0 = Debug|Any CPU
		{002D5CB0-9C08-4DA8-A557-ADD9DAFC97FB}.AppStore|iPhone.ActiveCfg = Debug|Any CPU
		{002D5CB0-9C08-4DA8-A557-ADD9DAFC97FB}.AppStore|iPhone.Build.0 = Debug|Any CPU
		{002D5CB0-9C08-4DA8-A557-ADD9DAFC97FB}.AppStore|iPhoneSimulator.ActiveCfg = Debug|Any CPU
		{002D5CB0-9C08-4DA8-A557-ADD9DAFC97FB}.AppStore|iPhoneSimulator.Build.0 = Debug|Any CPU
		{002D5CB0-9C08-4DA8-A557-ADD9DAFC97FB}.AppStore|x64.ActiveCfg = Debug|Any CPU
		{002D5CB0-9C08-4DA8-A557-ADD9DAFC97FB}.AppStore|x64.Build.0 = Debug|Any CPU
		{002D5CB0-9C08-4DA8-A557-ADD9DAFC97FB}.AppStore|x86.ActiveCfg = Debug|Any CPU
		{002D5CB0-9C08-4DA8-A557-ADD9DAFC97FB}.AppStore|x86.Build.0 = Debug|Any CPU
		{002D5CB0-9C08-4DA8-A557-ADD9DAFC97FB}.Debug|Any CPU.ActiveCfg = Debug|Any CPU
		{002D5CB0-9C08-4DA8-A557-ADD9DAFC97FB}.Debug|Any CPU.Build.0 = Debug|Any CPU
		{002D5CB0-9C08-4DA8-A557-ADD9DAFC97FB}.Debug|ARM.ActiveCfg = Debug|Any CPU
		{002D5CB0-9C08-4DA8-A557-ADD9DAFC97FB}.Debug|ARM.Build.0 = Debug|Any CPU
		{002D5CB0-9C08-4DA8-A557-ADD9DAFC97FB}.Debug|ARM64.ActiveCfg = Debug|Any CPU
		{002D5CB0-9C08-4DA8-A557-ADD9DAFC97FB}.Debug|ARM64.Build.0 = Debug|Any CPU
		{002D5CB0-9C08-4DA8-A557-ADD9DAFC97FB}.Debug|iPhone.ActiveCfg = Debug|Any CPU
		{002D5CB0-9C08-4DA8-A557-ADD9DAFC97FB}.Debug|iPhone.Build.0 = Debug|Any CPU
		{002D5CB0-9C08-4DA8-A557-ADD9DAFC97FB}.Debug|iPhoneSimulator.ActiveCfg = Debug|Any CPU
		{002D5CB0-9C08-4DA8-A557-ADD9DAFC97FB}.Debug|iPhoneSimulator.Build.0 = Debug|Any CPU
		{002D5CB0-9C08-4DA8-A557-ADD9DAFC97FB}.Debug|x64.ActiveCfg = Debug|Any CPU
		{002D5CB0-9C08-4DA8-A557-ADD9DAFC97FB}.Debug|x64.Build.0 = Debug|Any CPU
		{002D5CB0-9C08-4DA8-A557-ADD9DAFC97FB}.Debug|x86.ActiveCfg = Debug|Any CPU
		{002D5CB0-9C08-4DA8-A557-ADD9DAFC97FB}.Debug|x86.Build.0 = Debug|Any CPU
		{002D5CB0-9C08-4DA8-A557-ADD9DAFC97FB}.Release|Any CPU.ActiveCfg = Release|Any CPU
		{002D5CB0-9C08-4DA8-A557-ADD9DAFC97FB}.Release|Any CPU.Build.0 = Release|Any CPU
		{002D5CB0-9C08-4DA8-A557-ADD9DAFC97FB}.Release|ARM.ActiveCfg = Release|Any CPU
		{002D5CB0-9C08-4DA8-A557-ADD9DAFC97FB}.Release|ARM.Build.0 = Release|Any CPU
		{002D5CB0-9C08-4DA8-A557-ADD9DAFC97FB}.Release|ARM64.ActiveCfg = Release|Any CPU
		{002D5CB0-9C08-4DA8-A557-ADD9DAFC97FB}.Release|ARM64.Build.0 = Release|Any CPU
		{002D5CB0-9C08-4DA8-A557-ADD9DAFC97FB}.Release|iPhone.ActiveCfg = Release|Any CPU
		{002D5CB0-9C08-4DA8-A557-ADD9DAFC97FB}.Release|iPhone.Build.0 = Release|Any CPU
		{002D5CB0-9C08-4DA8-A557-ADD9DAFC97FB}.Release|iPhoneSimulator.ActiveCfg = Release|Any CPU
		{002D5CB0-9C08-4DA8-A557-ADD9DAFC97FB}.Release|iPhoneSimulator.Build.0 = Release|Any CPU
		{002D5CB0-9C08-4DA8-A557-ADD9DAFC97FB}.Release|x64.ActiveCfg = Release|Any CPU
		{002D5CB0-9C08-4DA8-A557-ADD9DAFC97FB}.Release|x64.Build.0 = Release|Any CPU
		{002D5CB0-9C08-4DA8-A557-ADD9DAFC97FB}.Release|x86.ActiveCfg = Release|Any CPU
		{002D5CB0-9C08-4DA8-A557-ADD9DAFC97FB}.Release|x86.Build.0 = Release|Any CPU
		{F1E7D360-3CE9-4D28-84D1-4724BD946AC1}.Ad-Hoc|Any CPU.ActiveCfg = Debug|Any CPU
		{F1E7D360-3CE9-4D28-84D1-4724BD946AC1}.Ad-Hoc|Any CPU.Build.0 = Debug|Any CPU
		{F1E7D360-3CE9-4D28-84D1-4724BD946AC1}.Ad-Hoc|ARM.ActiveCfg = Debug|Any CPU
		{F1E7D360-3CE9-4D28-84D1-4724BD946AC1}.Ad-Hoc|ARM.Build.0 = Debug|Any CPU
		{F1E7D360-3CE9-4D28-84D1-4724BD946AC1}.Ad-Hoc|ARM64.ActiveCfg = Debug|Any CPU
		{F1E7D360-3CE9-4D28-84D1-4724BD946AC1}.Ad-Hoc|ARM64.Build.0 = Debug|Any CPU
		{F1E7D360-3CE9-4D28-84D1-4724BD946AC1}.Ad-Hoc|iPhone.ActiveCfg = Debug|Any CPU
		{F1E7D360-3CE9-4D28-84D1-4724BD946AC1}.Ad-Hoc|iPhone.Build.0 = Debug|Any CPU
		{F1E7D360-3CE9-4D28-84D1-4724BD946AC1}.Ad-Hoc|iPhoneSimulator.ActiveCfg = Debug|Any CPU
		{F1E7D360-3CE9-4D28-84D1-4724BD946AC1}.Ad-Hoc|iPhoneSimulator.Build.0 = Debug|Any CPU
		{F1E7D360-3CE9-4D28-84D1-4724BD946AC1}.Ad-Hoc|x64.ActiveCfg = Debug|Any CPU
		{F1E7D360-3CE9-4D28-84D1-4724BD946AC1}.Ad-Hoc|x64.Build.0 = Debug|Any CPU
		{F1E7D360-3CE9-4D28-84D1-4724BD946AC1}.Ad-Hoc|x86.ActiveCfg = Debug|Any CPU
		{F1E7D360-3CE9-4D28-84D1-4724BD946AC1}.Ad-Hoc|x86.Build.0 = Debug|Any CPU
		{F1E7D360-3CE9-4D28-84D1-4724BD946AC1}.AppStore|Any CPU.ActiveCfg = Debug|Any CPU
		{F1E7D360-3CE9-4D28-84D1-4724BD946AC1}.AppStore|Any CPU.Build.0 = Debug|Any CPU
		{F1E7D360-3CE9-4D28-84D1-4724BD946AC1}.AppStore|ARM.ActiveCfg = Debug|Any CPU
		{F1E7D360-3CE9-4D28-84D1-4724BD946AC1}.AppStore|ARM.Build.0 = Debug|Any CPU
		{F1E7D360-3CE9-4D28-84D1-4724BD946AC1}.AppStore|ARM64.ActiveCfg = Debug|Any CPU
		{F1E7D360-3CE9-4D28-84D1-4724BD946AC1}.AppStore|ARM64.Build.0 = Debug|Any CPU
		{F1E7D360-3CE9-4D28-84D1-4724BD946AC1}.AppStore|iPhone.ActiveCfg = Debug|Any CPU
		{F1E7D360-3CE9-4D28-84D1-4724BD946AC1}.AppStore|iPhone.Build.0 = Debug|Any CPU
		{F1E7D360-3CE9-4D28-84D1-4724BD946AC1}.AppStore|iPhoneSimulator.ActiveCfg = Debug|Any CPU
		{F1E7D360-3CE9-4D28-84D1-4724BD946AC1}.AppStore|iPhoneSimulator.Build.0 = Debug|Any CPU
		{F1E7D360-3CE9-4D28-84D1-4724BD946AC1}.AppStore|x64.ActiveCfg = Debug|Any CPU
		{F1E7D360-3CE9-4D28-84D1-4724BD946AC1}.AppStore|x64.Build.0 = Debug|Any CPU
		{F1E7D360-3CE9-4D28-84D1-4724BD946AC1}.AppStore|x86.ActiveCfg = Debug|Any CPU
		{F1E7D360-3CE9-4D28-84D1-4724BD946AC1}.AppStore|x86.Build.0 = Debug|Any CPU
		{F1E7D360-3CE9-4D28-84D1-4724BD946AC1}.Debug|Any CPU.ActiveCfg = Debug|Any CPU
		{F1E7D360-3CE9-4D28-84D1-4724BD946AC1}.Debug|Any CPU.Build.0 = Debug|Any CPU
		{F1E7D360-3CE9-4D28-84D1-4724BD946AC1}.Debug|ARM.ActiveCfg = Debug|Any CPU
		{F1E7D360-3CE9-4D28-84D1-4724BD946AC1}.Debug|ARM.Build.0 = Debug|Any CPU
		{F1E7D360-3CE9-4D28-84D1-4724BD946AC1}.Debug|ARM64.ActiveCfg = Debug|Any CPU
		{F1E7D360-3CE9-4D28-84D1-4724BD946AC1}.Debug|ARM64.Build.0 = Debug|Any CPU
		{F1E7D360-3CE9-4D28-84D1-4724BD946AC1}.Debug|iPhone.ActiveCfg = Debug|Any CPU
		{F1E7D360-3CE9-4D28-84D1-4724BD946AC1}.Debug|iPhone.Build.0 = Debug|Any CPU
		{F1E7D360-3CE9-4D28-84D1-4724BD946AC1}.Debug|iPhoneSimulator.ActiveCfg = Debug|Any CPU
		{F1E7D360-3CE9-4D28-84D1-4724BD946AC1}.Debug|iPhoneSimulator.Build.0 = Debug|Any CPU
		{F1E7D360-3CE9-4D28-84D1-4724BD946AC1}.Debug|x64.ActiveCfg = Debug|Any CPU
		{F1E7D360-3CE9-4D28-84D1-4724BD946AC1}.Debug|x64.Build.0 = Debug|Any CPU
		{F1E7D360-3CE9-4D28-84D1-4724BD946AC1}.Debug|x86.ActiveCfg = Debug|Any CPU
		{F1E7D360-3CE9-4D28-84D1-4724BD946AC1}.Debug|x86.Build.0 = Debug|Any CPU
		{F1E7D360-3CE9-4D28-84D1-4724BD946AC1}.Release|Any CPU.ActiveCfg = Release|Any CPU
		{F1E7D360-3CE9-4D28-84D1-4724BD946AC1}.Release|Any CPU.Build.0 = Release|Any CPU
		{F1E7D360-3CE9-4D28-84D1-4724BD946AC1}.Release|ARM.ActiveCfg = Release|Any CPU
		{F1E7D360-3CE9-4D28-84D1-4724BD946AC1}.Release|ARM.Build.0 = Release|Any CPU
		{F1E7D360-3CE9-4D28-84D1-4724BD946AC1}.Release|ARM64.ActiveCfg = Release|Any CPU
		{F1E7D360-3CE9-4D28-84D1-4724BD946AC1}.Release|ARM64.Build.0 = Release|Any CPU
		{F1E7D360-3CE9-4D28-84D1-4724BD946AC1}.Release|iPhone.ActiveCfg = Release|Any CPU
		{F1E7D360-3CE9-4D28-84D1-4724BD946AC1}.Release|iPhone.Build.0 = Release|Any CPU
		{F1E7D360-3CE9-4D28-84D1-4724BD946AC1}.Release|iPhoneSimulator.ActiveCfg = Release|Any CPU
		{F1E7D360-3CE9-4D28-84D1-4724BD946AC1}.Release|iPhoneSimulator.Build.0 = Release|Any CPU
		{F1E7D360-3CE9-4D28-84D1-4724BD946AC1}.Release|x64.ActiveCfg = Release|Any CPU
		{F1E7D360-3CE9-4D28-84D1-4724BD946AC1}.Release|x64.Build.0 = Release|Any CPU
		{F1E7D360-3CE9-4D28-84D1-4724BD946AC1}.Release|x86.ActiveCfg = Release|Any CPU
		{F1E7D360-3CE9-4D28-84D1-4724BD946AC1}.Release|x86.Build.0 = Release|Any CPU
	EndGlobalSection
	GlobalSection(SolutionProperties) = preSolution
		HideSolutionNode = FALSE
	EndGlobalSection
	GlobalSection(NestedProjects) = preSolution
		{BB578C9D-3A19-46AD-B6A7-F864206B1BA2} = {DD6D4B82-A4A3-421C-873F-4AA65C99BFD8}
		{96E566D6-4FDF-4E60-98BF-CBD8AB1FE475} = {DD6D4B82-A4A3-421C-873F-4AA65C99BFD8}
		{6E372EC3-F027-4ED5-B46B-185E7C5B290F} = {DD6D4B82-A4A3-421C-873F-4AA65C99BFD8}
		{00E7D9A9-0713-4DC6-A8F2-0BE6070F0BC1} = {DD6D4B82-A4A3-421C-873F-4AA65C99BFD8}
		{5CB97601-4807-4160-A409-8B2F751CAA1A} = {DD6D4B82-A4A3-421C-873F-4AA65C99BFD8}
		{3594AE3C-84C4-479F-BB08-DC4B1595691C} = {DD6D4B82-A4A3-421C-873F-4AA65C99BFD8}
		{159D8C82-A39D-40B1-9BC7-6EDB2CF44AEF} = {DD6D4B82-A4A3-421C-873F-4AA65C99BFD8}
		{002D5CB0-9C08-4DA8-A557-ADD9DAFC97FB} = {DD6D4B82-A4A3-421C-873F-4AA65C99BFD8}
		{F1E7D360-3CE9-4D28-84D1-4724BD946AC1} = {DD6D4B82-A4A3-421C-873F-4AA65C99BFD8}
	EndGlobalSection
	GlobalSection(ExtensibilityGlobals) = postSolution
		SolutionGuid = {85D12E7B-6584-4528-AB8B-49D39BA27C9B}
	EndGlobalSection
EndGlobal
